
Microsoft Visual Studio Solution File, Format Version 12.00
# Visual Studio 2012
Project("{FAE04EC0-301F-11D3-BF4B-00C04F79EFBC}") = "Audio", "Audio\Audio.csproj", "{1373F30E-C27E-4483-A230-A14F6E655DD5}"
EndProject
Project("{FAE04EC0-301F-11D3-BF4B-00C04F79EFBC}") = "Audio.iOS", "iOS\Audio.iOS.csproj", "{ACB8B1B5-D162-44EC-AB02-6C284AFACCF5}"
EndProject
Project("{FAE04EC0-301F-11D3-BF4B-00C04F79EFBC}") = "Audio.Droid", "Droid\Audio.Droid.csproj", "{D49C9EC9-034F-46ED-8FCE-8CC126DDDEA4}"
EndProject
Global
	GlobalSection(SolutionConfigurationPlatforms) = preSolution
		Debug|Any CPU = Debug|Any CPU
		Release|Any CPU = Release|Any CPU
		Debug|iPhoneSimulator = Debug|iPhoneSimulator
		Release|iPhone = Release|iPhone
		Release|iPhoneSimulator = Release|iPhoneSimulator
		Debug|iPhone = Debug|iPhone
	EndGlobalSection
	GlobalSection(ProjectConfigurationPlatforms) = postSolution
		{1373F30E-C27E-4483-A230-A14F6E655DD5}.Debug|Any CPU.ActiveCfg = Debug|Any CPU
		{1373F30E-C27E-4483-A230-A14F6E655DD5}.Debug|Any CPU.Build.0 = Debug|Any CPU
		{1373F30E-C27E-4483-A230-A14F6E655DD5}.Release|Any CPU.ActiveCfg = Release|Any CPU
		{1373F30E-C27E-4483-A230-A14F6E655DD5}.Release|Any CPU.Build.0 = Release|Any CPU
		{1373F30E-C27E-4483-A230-A14F6E655DD5}.Debug|iPhoneSimulator.ActiveCfg = Debug|Any CPU
		{1373F30E-C27E-4483-A230-A14F6E655DD5}.Debug|iPhoneSimulator.Build.0 = Debug|Any CPU
		{1373F30E-C27E-4483-A230-A14F6E655DD5}.Release|iPhone.ActiveCfg = Release|Any CPU
		{1373F30E-C27E-4483-A230-A14F6E655DD5}.Release|iPhone.Build.0 = Release|Any CPU
		{1373F30E-C27E-4483-A230-A14F6E655DD5}.Release|iPhoneSimulator.ActiveCfg = Release|Any CPU
		{1373F30E-C27E-4483-A230-A14F6E655DD5}.Release|iPhoneSimulator.Build.0 = Release|Any CPU
		{1373F30E-C27E-4483-A230-A14F6E655DD5}.Debug|iPhone.ActiveCfg = Debug|Any CPU
		{1373F30E-C27E-4483-A230-A14F6E655DD5}.Debug|iPhone.Build.0 = Debug|Any CPU
		{ACB8B1B5-D162-44EC-AB02-6C284AFACCF5}.Debug|Any CPU.ActiveCfg = Debug|iPhoneSimulator
		{ACB8B1B5-D162-44EC-AB02-6C284AFACCF5}.Debug|Any CPU.Build.0 = Debug|iPhoneSimulator
		{ACB8B1B5-D162-44EC-AB02-6C284AFACCF5}.Release|Any CPU.ActiveCfg = Release|iPhone
		{ACB8B1B5-D162-44EC-AB02-6C284AFACCF5}.Release|Any CPU.Build.0 = Release|iPhone
		{ACB8B1B5-D162-44EC-AB02-6C284AFACCF5}.Debug|iPhoneSimulator.ActiveCfg = Debug|iPhoneSimulator
		{ACB8B1B5-D162-44EC-AB02-6C284AFACCF5}.Debug|iPhoneSimulator.Build.0 = Debug|iPhoneSimulator
		{ACB8B1B5-D162-44EC-AB02-6C284AFACCF5}.Release|iPhone.ActiveCfg = Release|iPhone
		{ACB8B1B5-D162-44EC-AB02-6C284AFACCF5}.Release|iPhone.Build.0 = Release|iPhone
		{ACB8B1B5-D162-44EC-AB02-6C284AFACCF5}.Release|iPhoneSimulator.ActiveCfg = Release|iPhoneSimulator
		{ACB8B1B5-D162-44EC-AB02-6C284AFACCF5}.Release|iPhoneSimulator.Build.0 = Release|iPhoneSimulator
		{ACB8B1B5-D162-44EC-AB02-6C284AFACCF5}.Debug|iPhone.ActiveCfg = Debug|iPhone
		{ACB8B1B5-D162-44EC-AB02-6C284AFACCF5}.Debug|iPhone.Build.0 = Debug|iPhone
		{D49C9EC9-034F-46ED-8FCE-8CC126DDDEA4}.Debug|Any CPU.ActiveCfg = Debug|Any CPU
		{D49C9EC9-034F-46ED-8FCE-8CC126DDDEA4}.Debug|Any CPU.Build.0 = Debug|Any CPU
		{D49C9EC9-034F-46ED-8FCE-8CC126DDDEA4}.Release|Any CPU.ActiveCfg = Release|Any CPU
		{D49C9EC9-034F-46ED-8FCE-8CC126DDDEA4}.Release|Any CPU.Build.0 = Release|Any CPU
		{D49C9EC9-034F-46ED-8FCE-8CC126DDDEA4}.Debug|iPhoneSimulator.ActiveCfg = Debug|Any CPU
		{D49C9EC9-034F-46ED-8FCE-8CC126DDDEA4}.Debug|iPhoneSimulator.Build.0 = Debug|Any CPU
		{D49C9EC9-034F-46ED-8FCE-8CC126DDDEA4}.Release|iPhone.ActiveCfg = Release|Any CPU
		{D49C9EC9-034F-46ED-8FCE-8CC126DDDEA4}.Release|iPhone.Build.0 = Release|Any CPU
		{D49C9EC9-034F-46ED-8FCE-8CC126DDDEA4}.Release|iPhoneSimulator.ActiveCfg = Release|Any CPU
		{D49C9EC9-034F-46ED-8FCE-8CC126DDDEA4}.Release|iPhoneSimulator.Build.0 = Release|Any CPU
		{D49C9EC9-034F-46ED-8FCE-8CC126DDDEA4}.Debug|iPhone.ActiveCfg = Debug|Any CPU
		{D49C9EC9-034F-46ED-8FCE-8CC126DDDEA4}.Debug|iPhone.Build.0 = Debug|Any CPU
	EndGlobalSection
EndGlobal
